// !$*UTF8*$!
{
	archiveVersion = 1;
	classes = {
	};
	objectVersion = 46;
	objects = {

/* Begin PBXAggregateTarget section */
		D58999441CBCFF680006108D /* AimbrainFullSDK */ = {
			isa = PBXAggregateTarget;
			buildConfigurationList = D58999471CBCFF680006108D /* Build configuration list for PBXAggregateTarget "AimbrainFullSDK" */;
			buildPhases = (
				D589994A1CBCFFD60006108D /* ShellScript */,
			);
			dependencies = (
				D589994D1CBD17BA0006108D /* PBXTargetDependency */,
				D58999491CBCFF840006108D /* PBXTargetDependency */,
			);
			name = AimbrainFullSDK;
			productName = AimbrainFullSDK;
		};
/* End PBXAggregateTarget section */

/* Begin PBXBuildFile section */
		0C776A591C5FDAF7009BFDFD /* AimBrainSDK.h in Copy Files */ = {isa = PBXBuildFile; fileRef = 0C776A581C5FDAF7009BFDFD /* AimBrainSDK.h */; };
		0C776A5F1C5FDB3D009BFDFD /* AMBNResult.m in Sources */ = {isa = PBXBuildFile; fileRef = 0C1265D51C4D0BD000B86EF8 /* AMBNResult.m */; };
		0C776A601C5FDB3D009BFDFD /* AMBNViewIdChainExtractor.m in Sources */ = {isa = PBXBuildFile; fileRef = 0C1265CB1C4C561F00B86EF8 /* AMBNViewIdChainExtractor.m */; };
		0C776A611C5FDB3D009BFDFD /* AMBNHashGenerator.m in Sources */ = {isa = PBXBuildFile; fileRef = 0C683F191C5911CD00514BC0 /* AMBNHashGenerator.m */; };
		0C776A621C5FDB3D009BFDFD /* AMBNPrivacyGuard.m in Sources */ = {isa = PBXBuildFile; fileRef = 0CD146D31C22F11900F56797 /* AMBNPrivacyGuard.m */; };
		0C776A631C5FDB3D009BFDFD /* AMBNBehaviouralJSONComposer.m in Sources */ = {isa = PBXBuildFile; fileRef = 0C31D2411C1EF4B70009F2D6 /* AMBNBehaviouralJSONComposer.m */; };
		0C776A641C5FDB3D009BFDFD /* AMBNServer.m in Sources */ = {isa = PBXBuildFile; fileRef = 0C31D2431C1EF4B70009F2D6 /* AMBNServer.m */; };
		0C776A651C5FDB3D009BFDFD /* AMBNCapturingApplication.m in Sources */ = {isa = PBXBuildFile; fileRef = 0C31D2401C1EF4B70009F2D6 /* AMBNCapturingApplication.m */; };
		0C776A661C5FDB3D009BFDFD /* AMBNTouch.m in Sources */ = {isa = PBXBuildFile; fileRef = 0C31D2441C1EF4B70009F2D6 /* AMBNTouch.m */; };
		0C776A671C5FDB3D009BFDFD /* AMBNTouchCollector.m in Sources */ = {isa = PBXBuildFile; fileRef = 0C0CAD2F1C24185500A42D08 /* AMBNTouchCollector.m */; };
		0C776A681C5FDB3D009BFDFD /* AMBNAccelerometerCollector.m in Sources */ = {isa = PBXBuildFile; fileRef = 0C31D2551C204C560009F2D6 /* AMBNAccelerometerCollector.m */; };
		0C776A691C5FDB3D009BFDFD /* AMBNAcceleration.m in Sources */ = {isa = PBXBuildFile; fileRef = 0C31D2451C1EF4B70009F2D6 /* AMBNAcceleration.m */; };
		0C776A6A1C5FDB3D009BFDFD /* AMBNTextInputCollector.m in Sources */ = {isa = PBXBuildFile; fileRef = 0CD146C71C2193E700F56797 /* AMBNTextInputCollector.m */; };
		0C776A6B1C5FDB3D009BFDFD /* AMBNTextEvent.m in Sources */ = {isa = PBXBuildFile; fileRef = 0CD146D01C21AB2F00F56797 /* AMBNTextEvent.m */; };
		0C776A6C1C5FDB3D009BFDFD /* AMBNManager.m in Sources */ = {isa = PBXBuildFile; fileRef = 0C31D2421C1EF4B70009F2D6 /* AMBNManager.m */; };
		0C776A731C5FDD18009BFDFD /* AMBNResult.h in Copy Files */ = {isa = PBXBuildFile; fileRef = 0C1265D41C4D0BD000B86EF8 /* AMBNResult.h */; };
		0C776A741C5FDD18009BFDFD /* AMBNPrivacyGuard.h in Copy Files */ = {isa = PBXBuildFile; fileRef = 0CD146D21C22F11900F56797 /* AMBNPrivacyGuard.h */; };
		0C776A751C5FDD18009BFDFD /* AMBNCapturingApplication.h in Copy Files */ = {isa = PBXBuildFile; fileRef = 0C31D24A1C1EF4B70009F2D6 /* AMBNCapturingApplication.h */; };
		0C776A761C5FDD18009BFDFD /* AMBNManager.h in Copy Files */ = {isa = PBXBuildFile; fileRef = 0C31D2481C1EF4B70009F2D6 /* AMBNManager.h */; };
		0C776A8A1C5FDF51009BFDFD /* AMBNCapturingApplicationDelegate.h in Copy Files */ = {isa = PBXBuildFile; fileRef = 0CD146DE1C23070700F56797 /* AMBNCapturingApplicationDelegate.h */; };
		0C776A8D1C5FDFCE009BFDFD /* AMBNTouchCollectorDelegate.h in Copy Files */ = {isa = PBXBuildFile; fileRef = 0C0CAD311C241B8600A42D08 /* AMBNTouchCollectorDelegate.h */; };
		0C776A8E1C5FDFCE009BFDFD /* AMBNTextInputCollectorDelegate.h in Copy Files */ = {isa = PBXBuildFile; fileRef = 0CD146DD1C2302C700F56797 /* AMBNTextInputCollectorDelegate.h */; };
		0C776A901C5FE052009BFDFD /* AMBNTouch.h in Copy Files */ = {isa = PBXBuildFile; fileRef = 0C31D2461C1EF4B70009F2D6 /* AMBNTouch.h */; };
		0C7991221C9B32D300E47512 /* AMBNServer.h in Copy Files */ = {isa = PBXBuildFile; fileRef = 0C31D24B1C1EF4B70009F2D6 /* AMBNServer.h */; };
		0CC5BCC31C713582008EC7F6 /* AMBNTextEvent.h in Copy Files */ = {isa = PBXBuildFile; fileRef = 0CD146CF1C21AB2F00F56797 /* AMBNTextEvent.h */; };
		0CDB93211C98168A00BEE7B3 /* AMBNCameraOverlay.m in Sources */ = {isa = PBXBuildFile; fileRef = 0CDB93201C98168A00BEE7B3 /* AMBNCameraOverlay.m */; };
		0CDB93241C98184900BEE7B3 /* AMBNFaceCaptureManager.m in Sources */ = {isa = PBXBuildFile; fileRef = 0CDB93231C98184900BEE7B3 /* AMBNFaceCaptureManager.m */; };
		0CDB93521C9828BA00BEE7B3 /* CoreFoundation.framework in Frameworks */ = {isa = PBXBuildFile; fileRef = 0CDB93511C9828BA00BEE7B3 /* CoreFoundation.framework */; };
		0CDB93531C982A0600BEE7B3 /* AMBNCameraOverlay.xib in Resources */ = {isa = PBXBuildFile; fileRef = 0CDB931D1C9812D200BEE7B3 /* AMBNCameraOverlay.xib */; };
		0CDB935A1C98528100BEE7B3 /* AMBNFaceCaptureManager.h in Copy Files */ = {isa = PBXBuildFile; fileRef = 0CDB93221C98184900BEE7B3 /* AMBNFaceCaptureManager.h */; };
		0CDB935E1C98628200BEE7B3 /* AMBNCameraOverlayDelegate.h in Copy Files */ = {isa = PBXBuildFile; fileRef = 0CDB935D1C9859C700BEE7B3 /* AMBNCameraOverlayDelegate.h */; };
		0CDB93611C98C6E400BEE7B3 /* icons.xcassets in Resources */ = {isa = PBXBuildFile; fileRef = 0CDB935F1C98C3E300BEE7B3 /* icons.xcassets */; };
		0CFEF38D1CA36688001BC54A /* AMBNImageAdapter.h in Copy Files */ = {isa = PBXBuildFile; fileRef = 0CFEF38A1CA363DF001BC54A /* AMBNImageAdapter.h */; };
		0CFEF38E1CA36698001BC54A /* AMBNImageAdapter.m in Sources */ = {isa = PBXBuildFile; fileRef = 0CFEF38B1CA363DF001BC54A /* AMBNImageAdapter.m */; };
		4E1926861CC4F6DB006E86FF /* AMBNRecordingOverlayView.m in Sources */ = {isa = PBXBuildFile; fileRef = 4E1926851CC4F6DB006E86FF /* AMBNRecordingOverlayView.m */; };
		D57536F31CB5394700AB67C7 /* AMBNFaceRecordingViewController.h in Copy Files */ = {isa = PBXBuildFile; fileRef = D5D5A6EF1CB5356100B6CF1D /* AMBNFaceRecordingViewController.h */; };
		D57536F41CB539BD00AB67C7 /* AMBNFaceRecordingViewController.m in Sources */ = {isa = PBXBuildFile; fileRef = D5D5A6ED1CB5354800B6CF1D /* AMBNFaceRecordingViewController.m */; };
		D57536F51CB53ABE00AB67C7 /* AMBNFaceRecordingViewController.xib in Resources */ = {isa = PBXBuildFile; fileRef = D5D5A6EB1CB5327B00B6CF1D /* AMBNFaceRecordingViewController.xib */; };
		D5802B5A1CB554B600E95EFD /* AMBNRecordingOverlayView.h in Copy Files */ = {isa = PBXBuildFile; fileRef = D5802B561CB553CA00E95EFD /* AMBNRecordingOverlayView.h */; };
		D5802B5B1CB554C300E95EFD /* AMBNRecordingOverlayView.xib in Resources */ = {isa = PBXBuildFile; fileRef = D5802B541CB5519A00E95EFD /* AMBNRecordingOverlayView.xib */; };
		D5C3D2971CB7E3A800EDA479 /* AMBNCameraPreview.h in Copy Files */ = {isa = PBXBuildFile; fileRef = D5C3D2941CB7DE3D00EDA479 /* AMBNCameraPreview.h */; };
		D5C3D2981CB7E3B100EDA479 /* AMBNCameraPreview.m in Sources */ = {isa = PBXBuildFile; fileRef = D5C3D2951CB7DE6700EDA479 /* AMBNCameraPreview.m */; };
		D5C3D29F1CB7F0EC00EDA479 /* AMBNCaptureSessionConfigurator.h in Copy Files */ = {isa = PBXBuildFile; fileRef = D5C3D29C1CB7E51A00EDA479 /* AMBNCaptureSessionConfigurator.h */; };
		D5C3D2A01CB7F0F300EDA479 /* AMBNCaptureSessionConfigurator.m in Sources */ = {isa = PBXBuildFile; fileRef = D5C3D29D1CB7E53000EDA479 /* AMBNCaptureSessionConfigurator.m */; };
		D5C3D2A21CBBC0F400EDA479 /* AMBNFaceRecordingViewControllerDelegate.h in Copy Files */ = {isa = PBXBuildFile; fileRef = D5C3D2A11CBBB56A00EDA479 /* AMBNFaceRecordingViewControllerDelegate.h */; };
		F602FA9D1D01D0540057469C /* AMBNAudioRecorderConfigurator.h in Headers */ = {isa = PBXBuildFile; fileRef = F60E58821CFDA9860091CFC5 /* AMBNAudioRecorderConfigurator.h */; settings = {ATTRIBUTES = (Public, ); }; };
		F602FA9E1D01D0540057469C /* AMBNVoiceRecordingManager.h in Headers */ = {isa = PBXBuildFile; fileRef = F6CE48E31CFC3659008D8DBE /* AMBNVoiceRecordingManager.h */; settings = {ATTRIBUTES = (Public, ); }; };
		F602FA9F1D01D0540057469C /* AMBNVoiceRecordingViewController.h in Headers */ = {isa = PBXBuildFile; fileRef = F6CE49B31CFC8152008D8DBE /* AMBNVoiceRecordingViewController.h */; settings = {ATTRIBUTES = (Public, ); }; };
		F602FAA01D01D0540057469C /* AMBNVoiceRecordingViewControllerDelegate.h in Headers */ = {isa = PBXBuildFile; fileRef = F60E58851CFDBC500091CFC5 /* AMBNVoiceRecordingViewControllerDelegate.h */; settings = {ATTRIBUTES = (Public, ); }; };
		F602FAA11D01D0540057469C /* AMBNCameraOverlay.h in Headers */ = {isa = PBXBuildFile; fileRef = 0CDB931F1C98168A00BEE7B3 /* AMBNCameraOverlay.h */; settings = {ATTRIBUTES = (Public, ); }; };
		F602FAA21D01D0540057469C /* AMBNCameraOverlayDelegate.h in Headers */ = {isa = PBXBuildFile; fileRef = 0CDB935D1C9859C700BEE7B3 /* AMBNCameraOverlayDelegate.h */; settings = {ATTRIBUTES = (Public, ); }; };
		F602FAA31D01D0540057469C /* AMBNFaceCaptureManager.h in Headers */ = {isa = PBXBuildFile; fileRef = 0CDB93221C98184900BEE7B3 /* AMBNFaceCaptureManager.h */; settings = {ATTRIBUTES = (Public, ); }; };
		F602FAA41D01D0540057469C /* AMBNImageAdapter.h in Headers */ = {isa = PBXBuildFile; fileRef = 0CFEF38A1CA363DF001BC54A /* AMBNImageAdapter.h */; settings = {ATTRIBUTES = (Public, ); }; };
		F602FAA51D01D0540057469C /* AMBNFaceRecordingViewController.h in Headers */ = {isa = PBXBuildFile; fileRef = D5D5A6EF1CB5356100B6CF1D /* AMBNFaceRecordingViewController.h */; settings = {ATTRIBUTES = (Public, ); }; };
		F602FAA61D01D0540057469C /* AMBNRecordingOverlayView.h in Headers */ = {isa = PBXBuildFile; fileRef = D5802B561CB553CA00E95EFD /* AMBNRecordingOverlayView.h */; settings = {ATTRIBUTES = (Public, ); }; };
		F602FAA71D01D0540057469C /* AMBNCameraPreview.h in Headers */ = {isa = PBXBuildFile; fileRef = D5C3D2941CB7DE3D00EDA479 /* AMBNCameraPreview.h */; settings = {ATTRIBUTES = (Public, ); }; };
		F602FAA81D01D0540057469C /* AMBNCaptureSessionConfigurator.h in Headers */ = {isa = PBXBuildFile; fileRef = D5C3D29C1CB7E51A00EDA479 /* AMBNCaptureSessionConfigurator.h */; settings = {ATTRIBUTES = (Public, ); }; };
		F602FAA91D01D0540057469C /* AMBNFaceRecordingViewControllerDelegate.h in Headers */ = {isa = PBXBuildFile; fileRef = D5C3D2A11CBBB56A00EDA479 /* AMBNFaceRecordingViewControllerDelegate.h */; settings = {ATTRIBUTES = (Public, ); }; };
		F602FAAA1D01D0540057469C /* AMBNResult.h in Headers */ = {isa = PBXBuildFile; fileRef = 0C1265D41C4D0BD000B86EF8 /* AMBNResult.h */; settings = {ATTRIBUTES = (Public, ); }; };
		F602FAAD1D01D0540057469C /* AMBNPrivacyGuard.h in Headers */ = {isa = PBXBuildFile; fileRef = 0CD146D21C22F11900F56797 /* AMBNPrivacyGuard.h */; settings = {ATTRIBUTES = (Public, ); }; };
		F602FAAF1D01D0540057469C /* AMBNServer.h in Headers */ = {isa = PBXBuildFile; fileRef = 0C31D24B1C1EF4B70009F2D6 /* AMBNServer.h */; settings = {ATTRIBUTES = (Public, ); }; };
		F602FAB01D01D0540057469C /* AMBNCapturingApplication.h in Headers */ = {isa = PBXBuildFile; fileRef = 0C31D24A1C1EF4B70009F2D6 /* AMBNCapturingApplication.h */; settings = {ATTRIBUTES = (Public, ); }; };
		F602FAB11D01D0540057469C /* AMBNTouch.h in Headers */ = {isa = PBXBuildFile; fileRef = 0C31D2461C1EF4B70009F2D6 /* AMBNTouch.h */; settings = {ATTRIBUTES = (Public, ); }; };
		F602FAB21D01D0540057469C /* AMBNCapturingApplicationDelegate.h in Headers */ = {isa = PBXBuildFile; fileRef = 0CD146DE1C23070700F56797 /* AMBNCapturingApplicationDelegate.h */; settings = {ATTRIBUTES = (Public, ); }; };
		F602FAB41D01D0540057469C /* AMBNTouchCollectorDelegate.h in Headers */ = {isa = PBXBuildFile; fileRef = 0C0CAD311C241B8600A42D08 /* AMBNTouchCollectorDelegate.h */; settings = {ATTRIBUTES = (Public, ); }; };
		F602FAB81D01D0540057469C /* AMBNTextEvent.h in Headers */ = {isa = PBXBuildFile; fileRef = 0CD146CF1C21AB2F00F56797 /* AMBNTextEvent.h */; settings = {ATTRIBUTES = (Public, ); }; };
		F602FAB91D01D0540057469C /* AMBNTextInputCollectorDelegate.h in Headers */ = {isa = PBXBuildFile; fileRef = 0CD146DD1C2302C700F56797 /* AMBNTextInputCollectorDelegate.h */; settings = {ATTRIBUTES = (Public, ); }; };
		F602FABA1D01D0540057469C /* AMBNManager.h in Headers */ = {isa = PBXBuildFile; fileRef = 0C31D2481C1EF4B70009F2D6 /* AMBNManager.h */; settings = {ATTRIBUTES = (Public, ); }; };
		F602FABB1D01D0540057469C /* AimBrainSDK.h in Headers */ = {isa = PBXBuildFile; fileRef = 0C776A581C5FDAF7009BFDFD /* AimBrainSDK.h */; settings = {ATTRIBUTES = (Public, ); }; };
/* End PBXBuildFile section */

/* Begin PBXContainerItemProxy section */
		D58999481CBCFF840006108D /* PBXContainerItemProxy */ = {
			isa = PBXContainerItemProxy;
			containerPortal = 6003F582195388D10070C39A /* Project object */;
			proxyType = 1;
			remoteGlobalIDString = 0C776A551C5FDAF6009BFDFD;
			remoteInfo = AimBrainSDK;
		};
		D589994C1CBD17BA0006108D /* PBXContainerItemProxy */ = {
			isa = PBXContainerItemProxy;
			containerPortal = 6003F582195388D10070C39A /* Project object */;
			proxyType = 1;
			remoteGlobalIDString = 0CDB93421C9822A100BEE7B3;
			remoteInfo = face;
		};
/* End PBXContainerItemProxy section */

/* Begin PBXCopyFilesBuildPhase section */
		0C776A541C5FDAF6009BFDFD /* Copy Files */ = {
			isa = PBXCopyFilesBuildPhase;
			buildActionMask = 12;
			dstPath = "include/${PRODUCT_NAME}";
			dstSubfolderSpec = 16;
			files = (
				D5C3D2A21CBBC0F400EDA479 /* AMBNFaceRecordingViewControllerDelegate.h in Copy Files */,
				D5C3D29F1CB7F0EC00EDA479 /* AMBNCaptureSessionConfigurator.h in Copy Files */,
				D5C3D2971CB7E3A800EDA479 /* AMBNCameraPreview.h in Copy Files */,
				D5802B5A1CB554B600E95EFD /* AMBNRecordingOverlayView.h in Copy Files */,
				D57536F31CB5394700AB67C7 /* AMBNFaceRecordingViewController.h in Copy Files */,
				0CFEF38D1CA36688001BC54A /* AMBNImageAdapter.h in Copy Files */,
				0C7991221C9B32D300E47512 /* AMBNServer.h in Copy Files */,
				0CDB935E1C98628200BEE7B3 /* AMBNCameraOverlayDelegate.h in Copy Files */,
				0CDB935A1C98528100BEE7B3 /* AMBNFaceCaptureManager.h in Copy Files */,
				0CC5BCC31C713582008EC7F6 /* AMBNTextEvent.h in Copy Files */,
				0C776A901C5FE052009BFDFD /* AMBNTouch.h in Copy Files */,
				0C776A8D1C5FDFCE009BFDFD /* AMBNTouchCollectorDelegate.h in Copy Files */,
				0C776A8E1C5FDFCE009BFDFD /* AMBNTextInputCollectorDelegate.h in Copy Files */,
				0C776A8A1C5FDF51009BFDFD /* AMBNCapturingApplicationDelegate.h in Copy Files */,
				0C776A731C5FDD18009BFDFD /* AMBNResult.h in Copy Files */,
				0C776A741C5FDD18009BFDFD /* AMBNPrivacyGuard.h in Copy Files */,
				0C776A751C5FDD18009BFDFD /* AMBNCapturingApplication.h in Copy Files */,
				0C776A761C5FDD18009BFDFD /* AMBNManager.h in Copy Files */,
				0C776A591C5FDAF7009BFDFD /* AimBrainSDK.h in Copy Files */,
			);
			name = "Copy Files";
			runOnlyForDeploymentPostprocessing = 0;
		};
		0CDB93491C9822FF00BEE7B3 /* CopyFiles */ = {
			isa = PBXCopyFilesBuildPhase;
			buildActionMask = 2147483647;
			dstPath = "";
			dstSubfolderSpec = 16;
			files = (
			);
			runOnlyForDeploymentPostprocessing = 0;
		};
/* End PBXCopyFilesBuildPhase section */

/* Begin PBXFileReference section */
		0C0CAD2E1C24185500A42D08 /* AMBNTouchCollector.h */ = {isa = PBXFileReference; fileEncoding = 4; lastKnownFileType = sourcecode.c.h; name = AMBNTouchCollector.h; path = Code/AMBNTouchCollector.h; sourceTree = "<group>"; };
		0C0CAD2F1C24185500A42D08 /* AMBNTouchCollector.m */ = {isa = PBXFileReference; fileEncoding = 4; lastKnownFileType = sourcecode.c.objc; name = AMBNTouchCollector.m; path = Code/AMBNTouchCollector.m; sourceTree = "<group>"; };
		0C0CAD311C241B8600A42D08 /* AMBNTouchCollectorDelegate.h */ = {isa = PBXFileReference; fileEncoding = 4; lastKnownFileType = sourcecode.c.h; name = AMBNTouchCollectorDelegate.h; path = Code/AMBNTouchCollectorDelegate.h; sourceTree = "<group>"; };
		0C1265CA1C4C561F00B86EF8 /* AMBNViewIdChainExtractor.h */ = {isa = PBXFileReference; fileEncoding = 4; lastKnownFileType = sourcecode.c.h; name = AMBNViewIdChainExtractor.h; path = Code/AMBNViewIdChainExtractor.h; sourceTree = "<group>"; };
		0C1265CB1C4C561F00B86EF8 /* AMBNViewIdChainExtractor.m */ = {isa = PBXFileReference; fileEncoding = 4; lastKnownFileType = sourcecode.c.objc; name = AMBNViewIdChainExtractor.m; path = Code/AMBNViewIdChainExtractor.m; sourceTree = "<group>"; };
		0C1265D41C4D0BD000B86EF8 /* AMBNResult.h */ = {isa = PBXFileReference; fileEncoding = 4; lastKnownFileType = sourcecode.c.h; name = AMBNResult.h; path = Code/AMBNResult.h; sourceTree = "<group>"; };
		0C1265D51C4D0BD000B86EF8 /* AMBNResult.m */ = {isa = PBXFileReference; fileEncoding = 4; lastKnownFileType = sourcecode.c.objc; name = AMBNResult.m; path = Code/AMBNResult.m; sourceTree = "<group>"; };
		0C31D2401C1EF4B70009F2D6 /* AMBNCapturingApplication.m */ = {isa = PBXFileReference; fileEncoding = 4; lastKnownFileType = sourcecode.c.objc; name = AMBNCapturingApplication.m; path = Code/AMBNCapturingApplication.m; sourceTree = "<group>"; };
		0C31D2411C1EF4B70009F2D6 /* AMBNBehaviouralJSONComposer.m */ = {isa = PBXFileReference; fileEncoding = 4; lastKnownFileType = sourcecode.c.objc; name = AMBNBehaviouralJSONComposer.m; path = Code/AMBNBehaviouralJSONComposer.m; sourceTree = "<group>"; };
		0C31D2421C1EF4B70009F2D6 /* AMBNManager.m */ = {isa = PBXFileReference; fileEncoding = 4; lastKnownFileType = sourcecode.c.objc; name = AMBNManager.m; path = Code/AMBNManager.m; sourceTree = "<group>"; };
		0C31D2431C1EF4B70009F2D6 /* AMBNServer.m */ = {isa = PBXFileReference; fileEncoding = 4; lastKnownFileType = sourcecode.c.objc; name = AMBNServer.m; path = Code/AMBNServer.m; sourceTree = "<group>"; };
		0C31D2441C1EF4B70009F2D6 /* AMBNTouch.m */ = {isa = PBXFileReference; fileEncoding = 4; lastKnownFileType = sourcecode.c.objc; name = AMBNTouch.m; path = Code/AMBNTouch.m; sourceTree = "<group>"; };
		0C31D2451C1EF4B70009F2D6 /* AMBNAcceleration.m */ = {isa = PBXFileReference; fileEncoding = 4; lastKnownFileType = sourcecode.c.objc; name = AMBNAcceleration.m; path = Code/AMBNAcceleration.m; sourceTree = "<group>"; };
		0C31D2461C1EF4B70009F2D6 /* AMBNTouch.h */ = {isa = PBXFileReference; fileEncoding = 4; lastKnownFileType = sourcecode.c.h; name = AMBNTouch.h; path = Code/AMBNTouch.h; sourceTree = "<group>"; };
		0C31D2471C1EF4B70009F2D6 /* AMBNAcceleration.h */ = {isa = PBXFileReference; fileEncoding = 4; lastKnownFileType = sourcecode.c.h; name = AMBNAcceleration.h; path = Code/AMBNAcceleration.h; sourceTree = "<group>"; };
		0C31D2481C1EF4B70009F2D6 /* AMBNManager.h */ = {isa = PBXFileReference; fileEncoding = 4; lastKnownFileType = sourcecode.c.h; name = AMBNManager.h; path = Code/AMBNManager.h; sourceTree = "<group>"; };
		0C31D2491C1EF4B70009F2D6 /* AMBNBehaviouralJSONComposer.h */ = {isa = PBXFileReference; fileEncoding = 4; lastKnownFileType = sourcecode.c.h; name = AMBNBehaviouralJSONComposer.h; path = Code/AMBNBehaviouralJSONComposer.h; sourceTree = "<group>"; };
		0C31D24A1C1EF4B70009F2D6 /* AMBNCapturingApplication.h */ = {isa = PBXFileReference; fileEncoding = 4; lastKnownFileType = sourcecode.c.h; name = AMBNCapturingApplication.h; path = Code/AMBNCapturingApplication.h; sourceTree = "<group>"; };
		0C31D24B1C1EF4B70009F2D6 /* AMBNServer.h */ = {isa = PBXFileReference; fileEncoding = 4; lastKnownFileType = sourcecode.c.h; name = AMBNServer.h; path = Code/AMBNServer.h; sourceTree = "<group>"; };
		0C31D2541C204C560009F2D6 /* AMBNAccelerometerCollector.h */ = {isa = PBXFileReference; fileEncoding = 4; lastKnownFileType = sourcecode.c.h; name = AMBNAccelerometerCollector.h; path = Code/AMBNAccelerometerCollector.h; sourceTree = "<group>"; };
		0C31D2551C204C560009F2D6 /* AMBNAccelerometerCollector.m */ = {isa = PBXFileReference; fileEncoding = 4; lastKnownFileType = sourcecode.c.objc; name = AMBNAccelerometerCollector.m; path = Code/AMBNAccelerometerCollector.m; sourceTree = "<group>"; };
		0C683F181C5911CD00514BC0 /* AMBNHashGenerator.h */ = {isa = PBXFileReference; fileEncoding = 4; lastKnownFileType = sourcecode.c.h; name = AMBNHashGenerator.h; path = Code/AMBNHashGenerator.h; sourceTree = "<group>"; };
		0C683F191C5911CD00514BC0 /* AMBNHashGenerator.m */ = {isa = PBXFileReference; fileEncoding = 4; lastKnownFileType = sourcecode.c.objc; name = AMBNHashGenerator.m; path = Code/AMBNHashGenerator.m; sourceTree = "<group>"; };
		0C776A561C5FDAF6009BFDFD /* libAimBrainSDK.a */ = {isa = PBXFileReference; explicitFileType = archive.ar; includeInIndex = 0; path = libAimBrainSDK.a; sourceTree = BUILT_PRODUCTS_DIR; };
		0C776A581C5FDAF7009BFDFD /* AimBrainSDK.h */ = {isa = PBXFileReference; lastKnownFileType = sourcecode.c.h; path = AimBrainSDK.h; sourceTree = "<group>"; };
		0CD146C61C2193E700F56797 /* AMBNTextInputCollector.h */ = {isa = PBXFileReference; fileEncoding = 4; lastKnownFileType = sourcecode.c.h; name = AMBNTextInputCollector.h; path = Code/AMBNTextInputCollector.h; sourceTree = "<group>"; };
		0CD146C71C2193E700F56797 /* AMBNTextInputCollector.m */ = {isa = PBXFileReference; fileEncoding = 4; lastKnownFileType = sourcecode.c.objc; name = AMBNTextInputCollector.m; path = Code/AMBNTextInputCollector.m; sourceTree = "<group>"; };
		0CD146CF1C21AB2F00F56797 /* AMBNTextEvent.h */ = {isa = PBXFileReference; fileEncoding = 4; lastKnownFileType = sourcecode.c.h; name = AMBNTextEvent.h; path = Code/AMBNTextEvent.h; sourceTree = "<group>"; };
		0CD146D01C21AB2F00F56797 /* AMBNTextEvent.m */ = {isa = PBXFileReference; fileEncoding = 4; lastKnownFileType = sourcecode.c.objc; name = AMBNTextEvent.m; path = Code/AMBNTextEvent.m; sourceTree = "<group>"; };
		0CD146D21C22F11900F56797 /* AMBNPrivacyGuard.h */ = {isa = PBXFileReference; fileEncoding = 4; lastKnownFileType = sourcecode.c.h; name = AMBNPrivacyGuard.h; path = Code/AMBNPrivacyGuard.h; sourceTree = "<group>"; };
		0CD146D31C22F11900F56797 /* AMBNPrivacyGuard.m */ = {isa = PBXFileReference; fileEncoding = 4; lastKnownFileType = sourcecode.c.objc; name = AMBNPrivacyGuard.m; path = Code/AMBNPrivacyGuard.m; sourceTree = "<group>"; };
		0CD146DD1C2302C700F56797 /* AMBNTextInputCollectorDelegate.h */ = {isa = PBXFileReference; lastKnownFileType = sourcecode.c.h; name = AMBNTextInputCollectorDelegate.h; path = Code/AMBNTextInputCollectorDelegate.h; sourceTree = "<group>"; };
		0CD146DE1C23070700F56797 /* AMBNCapturingApplicationDelegate.h */ = {isa = PBXFileReference; lastKnownFileType = sourcecode.c.h; name = AMBNCapturingApplicationDelegate.h; path = Code/AMBNCapturingApplicationDelegate.h; sourceTree = "<group>"; };
		0CDB931D1C9812D200BEE7B3 /* AMBNCameraOverlay.xib */ = {isa = PBXFileReference; fileEncoding = 4; lastKnownFileType = file.xib; path = AMBNCameraOverlay.xib; sourceTree = "<group>"; };
		0CDB931F1C98168A00BEE7B3 /* AMBNCameraOverlay.h */ = {isa = PBXFileReference; fileEncoding = 4; lastKnownFileType = sourcecode.c.h; name = AMBNCameraOverlay.h; path = Code/AMBNCameraOverlay.h; sourceTree = "<group>"; };
		0CDB93201C98168A00BEE7B3 /* AMBNCameraOverlay.m */ = {isa = PBXFileReference; fileEncoding = 4; lastKnownFileType = sourcecode.c.objc; name = AMBNCameraOverlay.m; path = Code/AMBNCameraOverlay.m; sourceTree = "<group>"; };
		0CDB93221C98184900BEE7B3 /* AMBNFaceCaptureManager.h */ = {isa = PBXFileReference; fileEncoding = 4; lastKnownFileType = sourcecode.c.h; name = AMBNFaceCaptureManager.h; path = Code/AMBNFaceCaptureManager.h; sourceTree = "<group>"; };
		0CDB93231C98184900BEE7B3 /* AMBNFaceCaptureManager.m */ = {isa = PBXFileReference; fileEncoding = 4; lastKnownFileType = sourcecode.c.objc; name = AMBNFaceCaptureManager.m; path = Code/AMBNFaceCaptureManager.m; sourceTree = "<group>"; };
		0CDB93431C9822A100BEE7B3 /* face.bundle */ = {isa = PBXFileReference; explicitFileType = wrapper.cfbundle; includeInIndex = 0; path = face.bundle; sourceTree = BUILT_PRODUCTS_DIR; };
		0CDB93451C9822A100BEE7B3 /* Info.plist */ = {isa = PBXFileReference; lastKnownFileType = text.plist.xml; path = Info.plist; sourceTree = "<group>"; };
		0CDB93511C9828BA00BEE7B3 /* CoreFoundation.framework */ = {isa = PBXFileReference; lastKnownFileType = wrapper.framework; name = CoreFoundation.framework; path = System/Library/Frameworks/CoreFoundation.framework; sourceTree = SDKROOT; };
		0CDB935D1C9859C700BEE7B3 /* AMBNCameraOverlayDelegate.h */ = {isa = PBXFileReference; lastKnownFileType = sourcecode.c.h; name = AMBNCameraOverlayDelegate.h; path = Code/AMBNCameraOverlayDelegate.h; sourceTree = "<group>"; };
		0CDB935F1C98C3E300BEE7B3 /* icons.xcassets */ = {isa = PBXFileReference; lastKnownFileType = folder.assetcatalog; path = icons.xcassets; sourceTree = "<group>"; };
		0CFEF38A1CA363DF001BC54A /* AMBNImageAdapter.h */ = {isa = PBXFileReference; fileEncoding = 4; lastKnownFileType = sourcecode.c.h; name = AMBNImageAdapter.h; path = Code/AMBNImageAdapter.h; sourceTree = "<group>"; };
		0CFEF38B1CA363DF001BC54A /* AMBNImageAdapter.m */ = {isa = PBXFileReference; fileEncoding = 4; lastKnownFileType = sourcecode.c.objc; name = AMBNImageAdapter.m; path = Code/AMBNImageAdapter.m; sourceTree = "<group>"; };
		165156867B5278AEC6AC9D7B /* Pods-AimBrain_Tests.debug.xcconfig */ = {isa = PBXFileReference; includeInIndex = 1; lastKnownFileType = text.xcconfig; name = "Pods-AimBrain_Tests.debug.xcconfig"; path = "Pods/Target Support Files/Pods-AimBrain_Tests/Pods-AimBrain_Tests.debug.xcconfig"; sourceTree = "<group>"; };
		458B9E0F699A65148838A65E /* Pods-AimBrain_Tests.release.xcconfig */ = {isa = PBXFileReference; includeInIndex = 1; lastKnownFileType = text.xcconfig; name = "Pods-AimBrain_Tests.release.xcconfig"; path = "Pods/Target Support Files/Pods-AimBrain_Tests/Pods-AimBrain_Tests.release.xcconfig"; sourceTree = "<group>"; };
		4E1926851CC4F6DB006E86FF /* AMBNRecordingOverlayView.m */ = {isa = PBXFileReference; fileEncoding = 4; lastKnownFileType = sourcecode.c.objc; name = AMBNRecordingOverlayView.m; path = Code/AMBNRecordingOverlayView.m; sourceTree = "<group>"; };
		560D483973056D39BD964AB1 /* Pods-AimBrain_Example.release.xcconfig */ = {isa = PBXFileReference; includeInIndex = 1; lastKnownFileType = text.xcconfig; name = "Pods-AimBrain_Example.release.xcconfig"; path = "Pods/Target Support Files/Pods-AimBrain_Example/Pods-AimBrain_Example.release.xcconfig"; sourceTree = "<group>"; };
		6003F58D195388D20070C39A /* Foundation.framework */ = {isa = PBXFileReference; lastKnownFileType = wrapper.framework; name = Foundation.framework; path = System/Library/Frameworks/Foundation.framework; sourceTree = SDKROOT; };
		6003F58F195388D20070C39A /* CoreGraphics.framework */ = {isa = PBXFileReference; lastKnownFileType = wrapper.framework; name = CoreGraphics.framework; path = System/Library/Frameworks/CoreGraphics.framework; sourceTree = SDKROOT; };
		6003F591195388D20070C39A /* UIKit.framework */ = {isa = PBXFileReference; lastKnownFileType = wrapper.framework; name = UIKit.framework; path = System/Library/Frameworks/UIKit.framework; sourceTree = SDKROOT; };
		6003F5B7195388D20070C39A /* Tests-Info.plist */ = {isa = PBXFileReference; lastKnownFileType = text.plist.xml; path = "Tests-Info.plist"; sourceTree = "<group>"; };
		6003F5B9195388D20070C39A /* en */ = {isa = PBXFileReference; lastKnownFileType = text.plist.strings; name = en; path = en.lproj/InfoPlist.strings; sourceTree = "<group>"; };
		6003F5BB195388D20070C39A /* Tests.m */ = {isa = PBXFileReference; lastKnownFileType = sourcecode.c.objc; path = Tests.m; sourceTree = "<group>"; };
		606FC2411953D9B200FFA9A0 /* Tests-Prefix.pch */ = {isa = PBXFileReference; lastKnownFileType = sourcecode.c.h; path = "Tests-Prefix.pch"; sourceTree = "<group>"; };
		708073B341E4EE09FF8D26C0 /* Pods-AimBrain_Example.debug.xcconfig */ = {isa = PBXFileReference; includeInIndex = 1; lastKnownFileType = text.xcconfig; name = "Pods-AimBrain_Example.debug.xcconfig"; path = "Pods/Target Support Files/Pods-AimBrain_Example/Pods-AimBrain_Example.debug.xcconfig"; sourceTree = "<group>"; };
		73ABBCA5A3FAA2C18AA569AF /* LICENSE */ = {isa = PBXFileReference; includeInIndex = 1; lastKnownFileType = text; path = LICENSE; sourceTree = "<group>"; };
		B2CDA9FC9BF97B4A04DF18C7 /* README.md */ = {isa = PBXFileReference; includeInIndex = 1; lastKnownFileType = net.daringfireball.markdown; path = README.md; sourceTree = "<group>"; };
		BBA3DCD95BBE150DB516F111 /* Pods.debug.xcconfig */ = {isa = PBXFileReference; includeInIndex = 1; lastKnownFileType = text.xcconfig; name = Pods.debug.xcconfig; path = "Pods/Target Support Files/Pods/Pods.debug.xcconfig"; sourceTree = "<group>"; };
		D5802B541CB5519A00E95EFD /* AMBNRecordingOverlayView.xib */ = {isa = PBXFileReference; fileEncoding = 4; lastKnownFileType = file.xib; path = AMBNRecordingOverlayView.xib; sourceTree = "<group>"; };
		D5802B561CB553CA00E95EFD /* AMBNRecordingOverlayView.h */ = {isa = PBXFileReference; lastKnownFileType = sourcecode.c.h; name = AMBNRecordingOverlayView.h; path = Code/AMBNRecordingOverlayView.h; sourceTree = "<group>"; };
		D5C3D2941CB7DE3D00EDA479 /* AMBNCameraPreview.h */ = {isa = PBXFileReference; lastKnownFileType = sourcecode.c.h; name = AMBNCameraPreview.h; path = Code/AMBNCameraPreview.h; sourceTree = "<group>"; };
		D5C3D2951CB7DE6700EDA479 /* AMBNCameraPreview.m */ = {isa = PBXFileReference; fileEncoding = 4; lastKnownFileType = sourcecode.c.objc; name = AMBNCameraPreview.m; path = Code/AMBNCameraPreview.m; sourceTree = "<group>"; };
		D5C3D29C1CB7E51A00EDA479 /* AMBNCaptureSessionConfigurator.h */ = {isa = PBXFileReference; lastKnownFileType = sourcecode.c.h; name = AMBNCaptureSessionConfigurator.h; path = Code/AMBNCaptureSessionConfigurator.h; sourceTree = "<group>"; };
		D5C3D29D1CB7E53000EDA479 /* AMBNCaptureSessionConfigurator.m */ = {isa = PBXFileReference; fileEncoding = 4; lastKnownFileType = sourcecode.c.objc; name = AMBNCaptureSessionConfigurator.m; path = Code/AMBNCaptureSessionConfigurator.m; sourceTree = "<group>"; };
		D5C3D2A11CBBB56A00EDA479 /* AMBNFaceRecordingViewControllerDelegate.h */ = {isa = PBXFileReference; lastKnownFileType = sourcecode.c.h; name = AMBNFaceRecordingViewControllerDelegate.h; path = Code/AMBNFaceRecordingViewControllerDelegate.h; sourceTree = "<group>"; };
		D5D5A6EB1CB5327B00B6CF1D /* AMBNFaceRecordingViewController.xib */ = {isa = PBXFileReference; fileEncoding = 4; lastKnownFileType = file.xib; path = AMBNFaceRecordingViewController.xib; sourceTree = "<group>"; };
		D5D5A6ED1CB5354800B6CF1D /* AMBNFaceRecordingViewController.m */ = {isa = PBXFileReference; fileEncoding = 4; lastKnownFileType = sourcecode.c.objc; name = AMBNFaceRecordingViewController.m; path = Code/AMBNFaceRecordingViewController.m; sourceTree = "<group>"; };
		D5D5A6EF1CB5356100B6CF1D /* AMBNFaceRecordingViewController.h */ = {isa = PBXFileReference; lastKnownFileType = sourcecode.c.h; name = AMBNFaceRecordingViewController.h; path = Code/AMBNFaceRecordingViewController.h; sourceTree = "<group>"; };
		D97494F9275F8A4CD4B4E95C /* AimBrain.podspec */ = {isa = PBXFileReference; includeInIndex = 1; lastKnownFileType = text; path = AimBrain.podspec; sourceTree = "<group>"; };
		F7935325B7E0E4195B3417E0 /* Pods.release.xcconfig */ = {isa = PBXFileReference; includeInIndex = 1; lastKnownFileType = text.xcconfig; name = Pods.release.xcconfig; path = "Pods/Target Support Files/Pods/Pods.release.xcconfig"; sourceTree = "<group>"; };
/* End PBXFileReference section */

/* Begin PBXFrameworksBuildPhase section */
		0C776A531C5FDAF6009BFDFD /* Frameworks */ = {
			isa = PBXFrameworksBuildPhase;
			buildActionMask = 2147483647;
			files = (
			);
			runOnlyForDeploymentPostprocessing = 0;
		};
		0CDB93401C9822A100BEE7B3 /* Frameworks */ = {
			isa = PBXFrameworksBuildPhase;
			buildActionMask = 2147483647;
			files = (
				0CDB93521C9828BA00BEE7B3 /* CoreFoundation.framework in Frameworks */,
			);
			runOnlyForDeploymentPostprocessing = 0;
		};
/* End PBXFrameworksBuildPhase section */

/* Begin PBXGroup section */
		0C1265C71C4C55A000B86EF8 /* Helpers */ = {
			isa = PBXGroup;
			children = (
				0C1265CA1C4C561F00B86EF8 /* AMBNViewIdChainExtractor.h */,
				0C1265CB1C4C561F00B86EF8 /* AMBNViewIdChainExtractor.m */,
				0C683F181C5911CD00514BC0 /* AMBNHashGenerator.h */,
				0C683F191C5911CD00514BC0 /* AMBNHashGenerator.m */,
			);
			name = Helpers;
			sourceTree = "<group>";
		};
		0C1265D01C4D0B8D00B86EF8 /* Result */ = {
			isa = PBXGroup;
			children = (
				0C1265D41C4D0BD000B86EF8 /* AMBNResult.h */,
				0C1265D51C4D0BD000B86EF8 /* AMBNResult.m */,
			);
			name = Result;
			sourceTree = "<group>";
		};
		0C57FA421C96F82E00489F95 /* Face */ = {
			isa = PBXGroup;
			children = (
				0CDB931F1C98168A00BEE7B3 /* AMBNCameraOverlay.h */,
				0CDB93201C98168A00BEE7B3 /* AMBNCameraOverlay.m */,
				0CDB935D1C9859C700BEE7B3 /* AMBNCameraOverlayDelegate.h */,
				0CDB93221C98184900BEE7B3 /* AMBNFaceCaptureManager.h */,
				0CDB93231C98184900BEE7B3 /* AMBNFaceCaptureManager.m */,
				0CFEF38A1CA363DF001BC54A /* AMBNImageAdapter.h */,
				0CFEF38B1CA363DF001BC54A /* AMBNImageAdapter.m */,
				D5D5A6ED1CB5354800B6CF1D /* AMBNFaceRecordingViewController.m */,
				D5D5A6EF1CB5356100B6CF1D /* AMBNFaceRecordingViewController.h */,
				D5802B561CB553CA00E95EFD /* AMBNRecordingOverlayView.h */,
				4E1926851CC4F6DB006E86FF /* AMBNRecordingOverlayView.m */,
				D5C3D2941CB7DE3D00EDA479 /* AMBNCameraPreview.h */,
				D5C3D2951CB7DE6700EDA479 /* AMBNCameraPreview.m */,
				D5C3D29C1CB7E51A00EDA479 /* AMBNCaptureSessionConfigurator.h */,
				D5C3D29D1CB7E53000EDA479 /* AMBNCaptureSessionConfigurator.m */,
				D5C3D2A11CBBB56A00EDA479 /* AMBNFaceRecordingViewControllerDelegate.h */,
			);
			name = Face;
			sourceTree = "<group>";
		};
		0C776A571C5FDAF7009BFDFD /* AimBrainSDK */ = {
			isa = PBXGroup;
			children = (
				0C776A581C5FDAF7009BFDFD /* AimBrainSDK.h */,
			);
			path = AimBrainSDK;
			sourceTree = "<group>";
		};
		0CD146D51C23007500F56797 /* Text events */ = {
			isa = PBXGroup;
			children = (
				0CD146C61C2193E700F56797 /* AMBNTextInputCollector.h */,
				0CD146C71C2193E700F56797 /* AMBNTextInputCollector.m */,
				0CD146CF1C21AB2F00F56797 /* AMBNTextEvent.h */,
				0CD146D01C21AB2F00F56797 /* AMBNTextEvent.m */,
				0CD146DD1C2302C700F56797 /* AMBNTextInputCollectorDelegate.h */,
			);
			name = "Text events";
			sourceTree = "<group>";
		};
		0CD146D61C23009900F56797 /* Accelerometer events */ = {
			isa = PBXGroup;
			children = (
				0C31D2541C204C560009F2D6 /* AMBNAccelerometerCollector.h */,
				0C31D2551C204C560009F2D6 /* AMBNAccelerometerCollector.m */,
				0C31D2471C1EF4B70009F2D6 /* AMBNAcceleration.h */,
				0C31D2451C1EF4B70009F2D6 /* AMBNAcceleration.m */,
			);
			name = "Accelerometer events";
			sourceTree = "<group>";
		};
		0CD146D71C2300C500F56797 /* Touch events */ = {
			isa = PBXGroup;
			children = (
				0C31D2401C1EF4B70009F2D6 /* AMBNCapturingApplication.m */,
				0C31D24A1C1EF4B70009F2D6 /* AMBNCapturingApplication.h */,
				0C31D2441C1EF4B70009F2D6 /* AMBNTouch.m */,
				0C31D2461C1EF4B70009F2D6 /* AMBNTouch.h */,
				0CD146DE1C23070700F56797 /* AMBNCapturingApplicationDelegate.h */,
				0C0CAD2E1C24185500A42D08 /* AMBNTouchCollector.h */,
				0C0CAD2F1C24185500A42D08 /* AMBNTouchCollector.m */,
				0C0CAD311C241B8600A42D08 /* AMBNTouchCollectorDelegate.h */,
			);
			name = "Touch events";
			sourceTree = "<group>";
		};
		0CD146D81C2300EA00F56797 /* Remote API */ = {
			isa = PBXGroup;
			children = (
				0C31D2411C1EF4B70009F2D6 /* AMBNBehaviouralJSONComposer.m */,
				0C31D2491C1EF4B70009F2D6 /* AMBNBehaviouralJSONComposer.h */,
				0C31D2431C1EF4B70009F2D6 /* AMBNServer.m */,
				0C31D24B1C1EF4B70009F2D6 /* AMBNServer.h */,
			);
			name = "Remote API";
			sourceTree = "<group>";
		};
		0CD146D91C23011500F56797 /* Privacy */ = {
			isa = PBXGroup;
			children = (
				0CD146D21C22F11900F56797 /* AMBNPrivacyGuard.h */,
				0CD146D31C22F11900F56797 /* AMBNPrivacyGuard.m */,
			);
			name = Privacy;
			sourceTree = "<group>";
		};
		0CDB93441C9822A100BEE7B3 /* Face assets */ = {
			isa = PBXGroup;
			children = (
				0CDB935F1C98C3E300BEE7B3 /* icons.xcassets */,
				0CDB931D1C9812D200BEE7B3 /* AMBNCameraOverlay.xib */,
				0CDB93451C9822A100BEE7B3 /* Info.plist */,
				D5D5A6EB1CB5327B00B6CF1D /* AMBNFaceRecordingViewController.xib */,
				D5802B541CB5519A00E95EFD /* AMBNRecordingOverlayView.xib */,
			);
			path = "Face assets";
			sourceTree = "<group>";
		};
		6003F581195388D10070C39A = {
			isa = PBXGroup;
			children = (
				0C57FA421C96F82E00489F95 /* Face */,
				0C1265D01C4D0B8D00B86EF8 /* Result */,
				0C1265C71C4C55A000B86EF8 /* Helpers */,
				0CD146D91C23011500F56797 /* Privacy */,
				0CD146D81C2300EA00F56797 /* Remote API */,
				0CD146D71C2300C500F56797 /* Touch events */,
				0CD146D61C23009900F56797 /* Accelerometer events */,
				0CD146D51C23007500F56797 /* Text events */,
				0C31D2421C1EF4B70009F2D6 /* AMBNManager.m */,
				0C31D2481C1EF4B70009F2D6 /* AMBNManager.h */,
				60FF7A9C1954A5C5007DD14C /* Podspec Metadata */,
				6003F5B5195388D20070C39A /* Tests */,
				0C776A571C5FDAF7009BFDFD /* AimBrainSDK */,
				0CDB93441C9822A100BEE7B3 /* Face assets */,
				6003F58C195388D20070C39A /* Frameworks */,
				6003F58B195388D20070C39A /* Products */,
				8C763581D06B55E42A89B49E /* Pods */,
			);
			sourceTree = "<group>";
		};
		6003F58B195388D20070C39A /* Products */ = {
			isa = PBXGroup;
			children = (
				0C776A561C5FDAF6009BFDFD /* libAimBrainSDK.a */,
				0CDB93431C9822A100BEE7B3 /* face.bundle */,
			);
			name = Products;
			sourceTree = "<group>";
		};
		6003F58C195388D20070C39A /* Frameworks */ = {
			isa = PBXGroup;
			children = (
				0CDB93511C9828BA00BEE7B3 /* CoreFoundation.framework */,
				6003F58D195388D20070C39A /* Foundation.framework */,
				6003F58F195388D20070C39A /* CoreGraphics.framework */,
				6003F591195388D20070C39A /* UIKit.framework */,
			);
			name = Frameworks;
			sourceTree = "<group>";
		};
		6003F5B5195388D20070C39A /* Tests */ = {
			isa = PBXGroup;
			children = (
				6003F5BB195388D20070C39A /* Tests.m */,
				6003F5B6195388D20070C39A /* Supporting Files */,
			);
			path = Tests;
			sourceTree = "<group>";
		};
		6003F5B6195388D20070C39A /* Supporting Files */ = {
			isa = PBXGroup;
			children = (
				6003F5B7195388D20070C39A /* Tests-Info.plist */,
				6003F5B8195388D20070C39A /* InfoPlist.strings */,
				606FC2411953D9B200FFA9A0 /* Tests-Prefix.pch */,
			);
			name = "Supporting Files";
			sourceTree = "<group>";
		};
		60FF7A9C1954A5C5007DD14C /* Podspec Metadata */ = {
			isa = PBXGroup;
			children = (
				D97494F9275F8A4CD4B4E95C /* AimBrain.podspec */,
				B2CDA9FC9BF97B4A04DF18C7 /* README.md */,
				73ABBCA5A3FAA2C18AA569AF /* LICENSE */,
			);
			name = "Podspec Metadata";
			sourceTree = "<group>";
		};
		8C763581D06B55E42A89B49E /* Pods */ = {
			isa = PBXGroup;
			children = (
				708073B341E4EE09FF8D26C0 /* Pods-AimBrain_Example.debug.xcconfig */,
				560D483973056D39BD964AB1 /* Pods-AimBrain_Example.release.xcconfig */,
				165156867B5278AEC6AC9D7B /* Pods-AimBrain_Tests.debug.xcconfig */,
				458B9E0F699A65148838A65E /* Pods-AimBrain_Tests.release.xcconfig */,
				BBA3DCD95BBE150DB516F111 /* Pods.debug.xcconfig */,
				F7935325B7E0E4195B3417E0 /* Pods.release.xcconfig */,
			);
			name = Pods;
			sourceTree = "<group>";
		};
/* End PBXGroup section */

/* Begin PBXHeadersBuildPhase section */
		F602FA9C1D01CFCE0057469C /* Headers */ = {
			isa = PBXHeadersBuildPhase;
			buildActionMask = 2147483647;
			files = (
				F602FAA11D01D0540057469C /* AMBNCameraOverlay.h in Headers */,
				F602FAA01D01D0540057469C /* AMBNVoiceRecordingViewControllerDelegate.h in Headers */,
				F602FA9D1D01D0540057469C /* AMBNAudioRecorderConfigurator.h in Headers */,
				F602FA9E1D01D0540057469C /* AMBNVoiceRecordingManager.h in Headers */,
				F602FA9F1D01D0540057469C /* AMBNVoiceRecordingViewController.h in Headers */,
				F602FAA91D01D0540057469C /* AMBNFaceRecordingViewControllerDelegate.h in Headers */,
				F602FAA81D01D0540057469C /* AMBNCaptureSessionConfigurator.h in Headers */,
				F602FAA71D01D0540057469C /* AMBNCameraPreview.h in Headers */,
				F602FAA61D01D0540057469C /* AMBNRecordingOverlayView.h in Headers */,
				F602FAA51D01D0540057469C /* AMBNFaceRecordingViewController.h in Headers */,
				F602FAA41D01D0540057469C /* AMBNImageAdapter.h in Headers */,
				F602FAAF1D01D0540057469C /* AMBNServer.h in Headers */,
				F602FAA21D01D0540057469C /* AMBNCameraOverlayDelegate.h in Headers */,
				F602FAA31D01D0540057469C /* AMBNFaceCaptureManager.h in Headers */,
				F602FAB81D01D0540057469C /* AMBNTextEvent.h in Headers */,
				F602FAB11D01D0540057469C /* AMBNTouch.h in Headers */,
				F602FAB41D01D0540057469C /* AMBNTouchCollectorDelegate.h in Headers */,
				F602FAB91D01D0540057469C /* AMBNTextInputCollectorDelegate.h in Headers */,
				F602FAB21D01D0540057469C /* AMBNCapturingApplicationDelegate.h in Headers */,
				F602FAAA1D01D0540057469C /* AMBNResult.h in Headers */,
				F602FAAD1D01D0540057469C /* AMBNPrivacyGuard.h in Headers */,
				F602FAB01D01D0540057469C /* AMBNCapturingApplication.h in Headers */,
				F602FABA1D01D0540057469C /* AMBNManager.h in Headers */,
				F602FABB1D01D0540057469C /* AimBrainSDK.h in Headers */,
			);
			runOnlyForDeploymentPostprocessing = 0;
		};
/* End PBXHeadersBuildPhase section */

/* Begin PBXNativeTarget section */
		0C776A551C5FDAF6009BFDFD /* AimBrainSDK */ = {
			isa = PBXNativeTarget;
			buildConfigurationList = 0C776A5E1C5FDAF7009BFDFD /* Build configuration list for PBXNativeTarget "AimBrainSDK" */;
			buildPhases = (
				0C776A521C5FDAF6009BFDFD /* Sources */,
				0C776A531C5FDAF6009BFDFD /* Frameworks */,
				0C776A541C5FDAF6009BFDFD /* Copy Files */,
				F602FA9C1D01CFCE0057469C /* Headers */,
				0CDB93271C981DE100BEE7B3 /* Resources */,
				D589994B1CBD0EE80006108D /* ShellScript */,
			);
			buildRules = (
			);
			dependencies = (
			);
			name = AimBrainSDK;
			productName = AimBrainSDK;
			productReference = 0C776A561C5FDAF6009BFDFD /* libAimBrainSDK.a */;
			productType = "com.apple.product-type.library.static";
		};
		0CDB93421C9822A100BEE7B3 /* face */ = {
			isa = PBXNativeTarget;
			buildConfigurationList = 0CDB93461C9822A100BEE7B3 /* Build configuration list for PBXNativeTarget "face" */;
			buildPhases = (
				0CDB933F1C9822A100BEE7B3 /* Sources */,
				0CDB93401C9822A100BEE7B3 /* Frameworks */,
				0CDB93411C9822A100BEE7B3 /* Resources */,
				0CDB93491C9822FF00BEE7B3 /* CopyFiles */,
			);
			buildRules = (
			);
			dependencies = (
			);
			name = face;
			productName = face;
			productReference = 0CDB93431C9822A100BEE7B3 /* face.bundle */;
			productType = "com.apple.product-type.bundle";
		};
/* End PBXNativeTarget section */

/* Begin PBXProject section */
		6003F582195388D10070C39A /* Project object */ = {
			isa = PBXProject;
			attributes = {
				CLASSPREFIX = AMBN;
				LastUpgradeCheck = 0510;
				ORGANIZATIONNAME = "Paweł Kupiec";
				TargetAttributes = {
					0C776A551C5FDAF6009BFDFD = {
						CreatedOnToolsVersion = 7.2;
					};
					0CDB93421C9822A100BEE7B3 = {
						CreatedOnToolsVersion = 7.2.1;
					};
					D58999441CBCFF680006108D = {
						CreatedOnToolsVersion = 7.3;
						DevelopmentTeam = J7Q5898A3N;
					};
				};
			};
			buildConfigurationList = 6003F585195388D10070C39A /* Build configuration list for PBXProject "AimBrain" */;
			compatibilityVersion = "Xcode 3.2";
			developmentRegion = English;
			hasScannedForEncodings = 0;
			knownRegions = (
				en,
				Base,
			);
			mainGroup = 6003F581195388D10070C39A;
			productRefGroup = 6003F58B195388D20070C39A /* Products */;
			projectDirPath = "";
			projectRoot = "";
			targets = (
				0C776A551C5FDAF6009BFDFD /* AimBrainSDK */,
				0CDB93421C9822A100BEE7B3 /* face */,
				D58999441CBCFF680006108D /* AimbrainFullSDK */,
			);
		};
/* End PBXProject section */

/* Begin PBXResourcesBuildPhase section */
		0CDB93271C981DE100BEE7B3 /* Resources */ = {
			isa = PBXResourcesBuildPhase;
			buildActionMask = 2147483647;
			files = (
			);
			runOnlyForDeploymentPostprocessing = 0;
		};
		0CDB93411C9822A100BEE7B3 /* Resources */ = {
			isa = PBXResourcesBuildPhase;
			buildActionMask = 2147483647;
			files = (
				D5802B5B1CB554C300E95EFD /* AMBNRecordingOverlayView.xib in Resources */,
				D57536F51CB53ABE00AB67C7 /* AMBNFaceRecordingViewController.xib in Resources */,
				0CDB93611C98C6E400BEE7B3 /* icons.xcassets in Resources */,
				0CDB93531C982A0600BEE7B3 /* AMBNCameraOverlay.xib in Resources */,
			);
			runOnlyForDeploymentPostprocessing = 0;
		};
/* End PBXResourcesBuildPhase section */

/* Begin PBXShellScriptBuildPhase section */
		D589994A1CBCFFD60006108D /* ShellScript */ = {
			isa = PBXShellScriptBuildPhase;
			buildActionMask = 2147483647;
			files = (
			);
			inputPaths = (
			);
			outputPaths = (
			);
			runOnlyForDeploymentPostprocessing = 0;
			shellPath = /bin/sh;
			shellScript = "set -e\nset +u\n# Avoid recursively calling this script.\nif [[ $SF_MASTER_SCRIPT_RUNNING ]]\nthen\nexit 0\nfi\nset -u\nexport SF_MASTER_SCRIPT_RUNNING=1\n\nSF_TARGET_NAME=\"AimBrainSDK\"\nSF_EXECUTABLE_PATH=\"lib${SF_TARGET_NAME}.a\"\nSF_WRAPPER_NAME=\"${SF_TARGET_NAME}.framework\"\n\n# The following conditionals come from\n# https://github.com/kstenerud/iOS-Universal-Framework\n\nif [[ \"$SDK_NAME\" =~ ([A-Za-z]+) ]]\nthen\nSF_SDK_PLATFORM=${BASH_REMATCH[1]}\nelse\necho \"Could not find platform name from SDK_NAME: $SDK_NAME\"\nexit 1\nfi\n\nif [[ \"$SDK_NAME\" =~ ([0-9]+.*$) ]]\nthen\nSF_SDK_VERSION=${BASH_REMATCH[1]}\nelse\necho \"Could not find sdk version from SDK_NAME: $SDK_NAME\"\nexit 1\nfi\n\nif [[ \"$SF_SDK_PLATFORM\" = \"iphoneos\" ]]\nthen\nSF_OTHER_PLATFORM=iphonesimulator\nelse\nSF_OTHER_PLATFORM=iphoneos\nfi\n\nif [[ \"$BUILT_PRODUCTS_DIR\" =~ (.*)$SF_SDK_PLATFORM$ ]]\nthen\nSF_OTHER_BUILT_PRODUCTS_DIR=\"${BASH_REMATCH[1]}${SF_OTHER_PLATFORM}\"\nelse\necho \"Could not find platform name from build products directory: $BUILT_PRODUCTS_DIR\"\nexit 1\nfi\n\n# Build the other platform.\nxcrun xcodebuild ONLY_ACTIVE_ARCH=NO -workspace \"${PROJECT_DIR}/AimBrain.xcworkspace\" -scheme \"AimBrainSDK\" -configuration \"${CONFIGURATION}\" -sdk ${SF_OTHER_PLATFORM}${SF_SDK_VERSION} BUILD_DIR=\"${BUILD_DIR}\" OBJROOT=\"${OBJROOT}\" BUILD_ROOT=\"${BUILD_ROOT}\" SYMROOT=\"${SYMROOT}\" $ACTION\n\n# Smash the two static libraries into one fat binary and store it in the .framework\nxcrun lipo -create \"${BUILT_PRODUCTS_DIR}/${SF_EXECUTABLE_PATH}\" \"${SF_OTHER_BUILT_PRODUCTS_DIR}/${SF_EXECUTABLE_PATH}\" -output \"${BUILT_PRODUCTS_DIR}/${SF_WRAPPER_NAME}/Versions/A/${SF_TARGET_NAME}\"\n\n# Copy the binary to the other architecture folder to have a complete framework in both.\ncp -a \"${BUILT_PRODUCTS_DIR}/${SF_WRAPPER_NAME}/Versions/A/${SF_TARGET_NAME}\" \"${SF_OTHER_BUILT_PRODUCTS_DIR}/${SF_WRAPPER_NAME}/Versions/A/${SF_TARGET_NAME}\"";
		};
		D589994B1CBD0EE80006108D /* ShellScript */ = {
			isa = PBXShellScriptBuildPhase;
			buildActionMask = 2147483647;
			files = (
			);
			inputPaths = (
			);
			outputPaths = (
			);
			runOnlyForDeploymentPostprocessing = 0;
			shellPath = /bin/sh;
			shellScript = "set -e\n\nmkdir -p \"${BUILT_PRODUCTS_DIR}/AimBrainSDK.framework/Versions/A/Headers\"\n\n# Link the \"Current\" version to \"A\"\n/bin/ln -sfh A \"${BUILT_PRODUCTS_DIR}/AimBrainSDK.framework/Versions/Current\"\n/bin/ln -sfh Versions/Current/Headers \"${BUILT_PRODUCTS_DIR}/AimBrainSDK.framework/Headers\"\n/bin/ln -sfh \"Versions/Current/AimBrainSDK\" \"${BUILT_PRODUCTS_DIR}/AimBrainSDK.framework/AimBrainSDK\"\n\n# The -a ensures that the headers maintain the source modification date so that we don't constantly\n# cause propagating rebuilds of files that import these headers.\n/bin/cp -a \"${TARGET_BUILD_DIR}/${PUBLIC_HEADERS_FOLDER_PATH}/\" \"${BUILT_PRODUCTS_DIR}/AimBrainSDK.framework/Versions/A/Headers\"";
		};
/* End PBXShellScriptBuildPhase section */

/* Begin PBXSourcesBuildPhase section */
		0C776A521C5FDAF6009BFDFD /* Sources */ = {
			isa = PBXSourcesBuildPhase;
			buildActionMask = 2147483647;
			files = (
				D5C3D2A01CB7F0F300EDA479 /* AMBNCaptureSessionConfigurator.m in Sources */,
				D5C3D2981CB7E3B100EDA479 /* AMBNCameraPreview.m in Sources */,
				D57536F41CB539BD00AB67C7 /* AMBNFaceRecordingViewController.m in Sources */,
				0CFEF38E1CA36698001BC54A /* AMBNImageAdapter.m in Sources */,
				0C776A5F1C5FDB3D009BFDFD /* AMBNResult.m in Sources */,
				0C776A601C5FDB3D009BFDFD /* AMBNViewIdChainExtractor.m in Sources */,
				0C776A611C5FDB3D009BFDFD /* AMBNHashGenerator.m in Sources */,
				0C776A621C5FDB3D009BFDFD /* AMBNPrivacyGuard.m in Sources */,
				0C776A631C5FDB3D009BFDFD /* AMBNBehaviouralJSONComposer.m in Sources */,
				0C776A641C5FDB3D009BFDFD /* AMBNServer.m in Sources */,
				0CDB93211C98168A00BEE7B3 /* AMBNCameraOverlay.m in Sources */,
				0C776A651C5FDB3D009BFDFD /* AMBNCapturingApplication.m in Sources */,
				0C776A661C5FDB3D009BFDFD /* AMBNTouch.m in Sources */,
				0C776A671C5FDB3D009BFDFD /* AMBNTouchCollector.m in Sources */,
				0C776A681C5FDB3D009BFDFD /* AMBNAccelerometerCollector.m in Sources */,
				0C776A691C5FDB3D009BFDFD /* AMBNAcceleration.m in Sources */,
				4E1926861CC4F6DB006E86FF /* AMBNRecordingOverlayView.m in Sources */,
				0C776A6A1C5FDB3D009BFDFD /* AMBNTextInputCollector.m in Sources */,
				0C776A6B1C5FDB3D009BFDFD /* AMBNTextEvent.m in Sources */,
				0C776A6C1C5FDB3D009BFDFD /* AMBNManager.m in Sources */,
				0CDB93241C98184900BEE7B3 /* AMBNFaceCaptureManager.m in Sources */,
			);
			runOnlyForDeploymentPostprocessing = 0;
		};
		0CDB933F1C9822A100BEE7B3 /* Sources */ = {
			isa = PBXSourcesBuildPhase;
			buildActionMask = 2147483647;
			files = (
			);
			runOnlyForDeploymentPostprocessing = 0;
		};
/* End PBXSourcesBuildPhase section */

/* Begin PBXTargetDependency section */
		D58999491CBCFF840006108D /* PBXTargetDependency */ = {
			isa = PBXTargetDependency;
			target = 0C776A551C5FDAF6009BFDFD /* AimBrainSDK */;
			targetProxy = D58999481CBCFF840006108D /* PBXContainerItemProxy */;
		};
		D589994D1CBD17BA0006108D /* PBXTargetDependency */ = {
			isa = PBXTargetDependency;
			target = 0CDB93421C9822A100BEE7B3 /* face */;
			targetProxy = D589994C1CBD17BA0006108D /* PBXContainerItemProxy */;
		};
/* End PBXTargetDependency section */

/* Begin PBXVariantGroup section */
		6003F5B8195388D20070C39A /* InfoPlist.strings */ = {
			isa = PBXVariantGroup;
			children = (
				6003F5B9195388D20070C39A /* en */,
			);
			name = InfoPlist.strings;
			sourceTree = "<group>";
		};
/* End PBXVariantGroup section */

/* Begin XCBuildConfiguration section */
		0C776A5C1C5FDAF7009BFDFD /* Debug */ = {
			isa = XCBuildConfiguration;
			buildSettings = {
				CLANG_WARN_UNREACHABLE_CODE = YES;
				DEBUG_INFORMATION_FORMAT = dwarf;
				DSTROOT = "/tmp/${PROJECT_NAME}.dst";
				ENABLE_BITCODE = YES;
				ENABLE_STRICT_OBJC_MSGSEND = YES;
				ENABLE_TESTABILITY = YES;
				GCC_NO_COMMON_BLOCKS = YES;
				INSTALL_PATH = "";
				IPHONEOS_DEPLOYMENT_TARGET = 6.0;
				MTL_ENABLE_DEBUG_INFO = YES;
				OTHER_CFLAGS = "-fembed-bitcode";
				OTHER_LDFLAGS = "-ObjC";
				PRIVATE_HEADERS_FOLDER_PATH = "";
				PRODUCT_NAME = "$(TARGET_NAME)";
				PUBLIC_HEADERS_FOLDER_PATH = "include/$(TARGET_NAME)";
				SKIP_INSTALL = NO;
			};
			name = Debug;
		};
		0C776A5D1C5FDAF7009BFDFD /* Release */ = {
			isa = XCBuildConfiguration;
			buildSettings = {
				CLANG_WARN_UNREACHABLE_CODE = YES;
				COPY_PHASE_STRIP = NO;
				DEBUG_INFORMATION_FORMAT = "dwarf-with-dsym";
				DSTROOT = "/tmp/${PROJECT_NAME}.dst";
				ENABLE_BITCODE = YES;
				ENABLE_STRICT_OBJC_MSGSEND = YES;
				GCC_NO_COMMON_BLOCKS = YES;
				INSTALL_PATH = "";
				IPHONEOS_DEPLOYMENT_TARGET = 6.0;
				MTL_ENABLE_DEBUG_INFO = NO;
				OTHER_CFLAGS = "-fembed-bitcode";
				OTHER_LDFLAGS = "-ObjC";
				PRIVATE_HEADERS_FOLDER_PATH = "";
				PRODUCT_NAME = "$(TARGET_NAME)";
				PUBLIC_HEADERS_FOLDER_PATH = "include/$(TARGET_NAME)";
				SKIP_INSTALL = NO;
			};
			name = Release;
		};
		0CDB93471C9822A100BEE7B3 /* Debug */ = {
			isa = XCBuildConfiguration;
			buildSettings = {
				CLANG_WARN_UNREACHABLE_CODE = YES;
				CODE_SIGN_IDENTITY = "-";
				DEBUG_INFORMATION_FORMAT = dwarf;
				ENABLE_STRICT_OBJC_MSGSEND = YES;
				ENABLE_TESTABILITY = YES;
				GCC_NO_COMMON_BLOCKS = YES;
				INFOPLIST_FILE = "Face assets/Info.plist";
				INSTALL_PATH = "$(LOCAL_LIBRARY_DIR)/Bundles";
				MACOSX_DEPLOYMENT_TARGET = 10.11;
				MTL_ENABLE_DEBUG_INFO = YES;
				PRODUCT_BUNDLE_IDENTIFIER = com.aimbrain.face;
				PRODUCT_NAME = "$(TARGET_NAME)";
				SDKROOT = iphoneos;
				SKIP_INSTALL = YES;
				WRAPPER_EXTENSION = bundle;
			};
			name = Debug;
		};
		0CDB93481C9822A100BEE7B3 /* Release */ = {
			isa = XCBuildConfiguration;
			buildSettings = {
				CLANG_WARN_UNREACHABLE_CODE = YES;
				CODE_SIGN_IDENTITY = "-";
				COPY_PHASE_STRIP = NO;
				DEBUG_INFORMATION_FORMAT = "dwarf-with-dsym";
				ENABLE_STRICT_OBJC_MSGSEND = YES;
				GCC_NO_COMMON_BLOCKS = YES;
				INFOPLIST_FILE = "Face assets/Info.plist";
				INSTALL_PATH = "$(LOCAL_LIBRARY_DIR)/Bundles";
				MACOSX_DEPLOYMENT_TARGET = 10.11;
				MTL_ENABLE_DEBUG_INFO = NO;
				PRODUCT_BUNDLE_IDENTIFIER = com.aimbrain.face;
				PRODUCT_NAME = "$(TARGET_NAME)";
				SDKROOT = iphoneos;
				SKIP_INSTALL = YES;
				WRAPPER_EXTENSION = bundle;
			};
			name = Release;
		};
		6003F5BD195388D20070C39A /* Debug */ = {
			isa = XCBuildConfiguration;
			buildSettings = {
				ALWAYS_SEARCH_USER_PATHS = NO;
				CLANG_CXX_LANGUAGE_STANDARD = "gnu++0x";
				CLANG_CXX_LIBRARY = "libc++";
				CLANG_ENABLE_MODULES = YES;
				CLANG_ENABLE_OBJC_ARC = YES;
				CLANG_WARN_BOOL_CONVERSION = YES;
				CLANG_WARN_CONSTANT_CONVERSION = YES;
				CLANG_WARN_DIRECT_OBJC_ISA_USAGE = YES_ERROR;
				CLANG_WARN_EMPTY_BODY = YES;
				CLANG_WARN_ENUM_CONVERSION = YES;
				CLANG_WARN_INT_CONVERSION = YES;
				CLANG_WARN_OBJC_ROOT_CLASS = YES_ERROR;
				CLANG_WARN__DUPLICATE_METHOD_MATCH = YES;
				"CODE_SIGN_IDENTITY[sdk=iphoneos*]" = "iPhone Developer";
				COPY_PHASE_STRIP = NO;
				ENABLE_TESTABILITY = YES;
				GCC_C_LANGUAGE_STANDARD = gnu99;
				GCC_DYNAMIC_NO_PIC = NO;
				GCC_OPTIMIZATION_LEVEL = 0;
				GCC_PREPROCESSOR_DEFINITIONS = (
					"DEBUG=1",
					"$(inherited)",
				);
				GCC_SYMBOLS_PRIVATE_EXTERN = NO;
				GCC_WARN_64_TO_32_BIT_CONVERSION = YES;
				GCC_WARN_ABOUT_RETURN_TYPE = YES_ERROR;
				GCC_WARN_UNDECLARED_SELECTOR = YES;
				GCC_WARN_UNINITIALIZED_AUTOS = YES_AGGRESSIVE;
				GCC_WARN_UNUSED_FUNCTION = YES;
				GCC_WARN_UNUSED_VARIABLE = YES;
				INSTALL_PATH = /usr/local/lib;
				IPHONEOS_DEPLOYMENT_TARGET = 6.0;
				ONLY_ACTIVE_ARCH = YES;
				SDKROOT = iphoneos;
				SKIP_INSTALL = NO;
				TARGETED_DEVICE_FAMILY = "1,2";
				WARNING_CFLAGS = "-Wpartial-availability";
			};
			name = Debug;
		};
		6003F5BE195388D20070C39A /* Release */ = {
			isa = XCBuildConfiguration;
			buildSettings = {
				ALWAYS_SEARCH_USER_PATHS = NO;
				CLANG_CXX_LANGUAGE_STANDARD = "gnu++0x";
				CLANG_CXX_LIBRARY = "libc++";
				CLANG_ENABLE_MODULES = YES;
				CLANG_ENABLE_OBJC_ARC = YES;
				CLANG_WARN_BOOL_CONVERSION = YES;
				CLANG_WARN_CONSTANT_CONVERSION = YES;
				CLANG_WARN_DIRECT_OBJC_ISA_USAGE = YES_ERROR;
				CLANG_WARN_EMPTY_BODY = YES;
				CLANG_WARN_ENUM_CONVERSION = YES;
				CLANG_WARN_INT_CONVERSION = YES;
				CLANG_WARN_OBJC_ROOT_CLASS = YES_ERROR;
				CLANG_WARN__DUPLICATE_METHOD_MATCH = YES;
				"CODE_SIGN_IDENTITY[sdk=iphoneos*]" = "iPhone Developer";
				COPY_PHASE_STRIP = YES;
				ENABLE_NS_ASSERTIONS = NO;
				ENABLE_TESTABILITY = YES;
				GCC_C_LANGUAGE_STANDARD = gnu99;
				GCC_WARN_64_TO_32_BIT_CONVERSION = YES;
				GCC_WARN_ABOUT_RETURN_TYPE = YES_ERROR;
				GCC_WARN_UNDECLARED_SELECTOR = YES;
				GCC_WARN_UNINITIALIZED_AUTOS = YES_AGGRESSIVE;
				GCC_WARN_UNUSED_FUNCTION = YES;
				GCC_WARN_UNUSED_VARIABLE = YES;
				INSTALL_PATH = /usr/local/lib;
				IPHONEOS_DEPLOYMENT_TARGET = 6.0;
				SDKROOT = iphoneos;
				SKIP_INSTALL = NO;
				TARGETED_DEVICE_FAMILY = "1,2";
				VALIDATE_PRODUCT = YES;
				WARNING_CFLAGS = "-Wpartial-availability";
			};
			name = Release;
		};
		D58999451CBCFF680006108D /* Debug */ = {
			isa = XCBuildConfiguration;
			buildSettings = {
				INSTALL_PATH = "";
				PRODUCT_NAME = "$(TARGET_NAME)";
			};
			name = Debug;
		};
		D58999461CBCFF680006108D /* Release */ = {
			isa = XCBuildConfiguration;
			buildSettings = {
				INSTALL_PATH = "";
				PRODUCT_NAME = "$(TARGET_NAME)";
			};
			name = Release;
		};
/* End XCBuildConfiguration section */

/* Begin XCConfigurationList section */
		0C776A5E1C5FDAF7009BFDFD /* Build configuration list for PBXNativeTarget "AimBrainSDK" */ = {
			isa = XCConfigurationList;
			buildConfigurations = (
				0C776A5C1C5FDAF7009BFDFD /* Debug */,
				0C776A5D1C5FDAF7009BFDFD /* Release */,
			);
			defaultConfigurationIsVisible = 0;
			defaultConfigurationName = Release;
		};
		0CDB93461C9822A100BEE7B3 /* Build configuration list for PBXNativeTarget "face" */ = {
			isa = XCConfigurationList;
			buildConfigurations = (
				0CDB93471C9822A100BEE7B3 /* Debug */,
				0CDB93481C9822A100BEE7B3 /* Release */,
			);
			defaultConfigurationIsVisible = 0;
			defaultConfigurationName = Release;
		};
		6003F585195388D10070C39A /* Build configuration list for PBXProject "AimBrain" */ = {
			isa = XCConfigurationList;
			buildConfigurations = (
				6003F5BD195388D20070C39A /* Debug */,
				6003F5BE195388D20070C39A /* Release */,
			);
			defaultConfigurationIsVisible = 0;
			defaultConfigurationName = Release;
		};
		D58999471CBCFF680006108D /* Build configuration list for PBXAggregateTarget "AimbrainFullSDK" */ = {
			isa = XCConfigurationList;
			buildConfigurations = (
				D58999451CBCFF680006108D /* Debug */,
				D58999461CBCFF680006108D /* Release */,
			);
			defaultConfigurationIsVisible = 0;
			defaultConfigurationName = Release;
		};
/* End XCConfigurationList section */
	};
	rootObject = 6003F582195388D10070C39A /* Project object */;
}
